// !$*UTF8*$!
{
	archiveVersion = 1;
	classes = {
	};
	objectVersion = 55;
	objects = {

/* Begin PBXBuildFile section */
		8815249C29C21179001382AB /* fitnessPalApp.swift in Sources */ = {isa = PBXBuildFile; fileRef = 8815249B29C21179001382AB /* fitnessPalApp.swift */; };
		8815249E29C21179001382AB /* ContentView.swift in Sources */ = {isa = PBXBuildFile; fileRef = 8815249D29C21179001382AB /* ContentView.swift */; };
		881524A029C2117B001382AB /* Assets.xcassets in Resources */ = {isa = PBXBuildFile; fileRef = 8815249F29C2117B001382AB /* Assets.xcassets */; };
		881524A329C2117B001382AB /* Preview Assets.xcassets in Resources */ = {isa = PBXBuildFile; fileRef = 881524A229C2117B001382AB /* Preview Assets.xcassets */; };
		881524AD29C2117C001382AB /* fitnessPalTests.swift in Sources */ = {isa = PBXBuildFile; fileRef = 881524AC29C2117C001382AB /* fitnessPalTests.swift */; };
		881524B729C2117C001382AB /* fitnessPalUITests.swift in Sources */ = {isa = PBXBuildFile; fileRef = 881524B629C2117C001382AB /* fitnessPalUITests.swift */; };
		881524B929C2117C001382AB /* fitnessPalUITestsLaunchTests.swift in Sources */ = {isa = PBXBuildFile; fileRef = 881524B829C2117C001382AB /* fitnessPalUITestsLaunchTests.swift */; };
/* End PBXBuildFile section */

/* Begin PBXContainerItemProxy section */
		881524A929C2117C001382AB /* PBXContainerItemProxy */ = {
			isa = PBXContainerItemProxy;
			containerPortal = 8815249029C21179001382AB /* Project object */;
			proxyType = 1;
			remoteGlobalIDString = 8815249729C21179001382AB;
			remoteInfo = fitnessPal;
		};
		881524B329C2117C001382AB /* PBXContainerItemProxy */ = {
			isa = PBXContainerItemProxy;
			containerPortal = 8815249029C21179001382AB /* Project object */;
			proxyType = 1;
			remoteGlobalIDString = 8815249729C21179001382AB;
			remoteInfo = fitnessPal;
		};
/* End PBXContainerItemProxy section */

/* Begin PBXFileReference section */
		8815249829C21179001382AB /* fitnessPal.app */ = {isa = PBXFileReference; explicitFileType = wrapper.application; includeInIndex = 0; path = fitnessPal.app; sourceTree = BUILT_PRODUCTS_DIR; };
		8815249B29C21179001382AB /* fitnessPalApp.swift */ = {isa = PBXFileReference; lastKnownFileType = sourcecode.swift; path = fitnessPalApp.swift; sourceTree = "<group>"; };
		8815249D29C21179001382AB /* ContentView.swift */ = {isa = PBXFileReference; lastKnownFileType = sourcecode.swift; path = ContentView.swift; sourceTree = "<group>"; };
		8815249F29C2117B001382AB /* Assets.xcassets */ = {isa = PBXFileReference; lastKnownFileType = folder.assetcatalog; path = Assets.xcassets; sourceTree = "<group>"; };
		881524A229C2117B001382AB /* Preview Assets.xcassets */ = {isa = PBXFileReference; lastKnownFileType = folder.assetcatalog; path = "Preview Assets.xcassets"; sourceTree = "<group>"; };
		881524A829C2117C001382AB /* fitnessPalTests.xctest */ = {isa = PBXFileReference; explicitFileType = wrapper.cfbundle; includeInIndex = 0; path = fitnessPalTests.xctest; sourceTree = BUILT_PRODUCTS_DIR; };
		881524AC29C2117C001382AB /* fitnessPalTests.swift */ = {isa = PBXFileReference; lastKnownFileType = sourcecode.swift; path = fitnessPalTests.swift; sourceTree = "<group>"; };
		881524B229C2117C001382AB /* fitnessPalUITests.xctest */ = {isa = PBXFileReference; explicitFileType = wrapper.cfbundle; includeInIndex = 0; path = fitnessPalUITests.xctest; sourceTree = BUILT_PRODUCTS_DIR; };
		881524B629C2117C001382AB /* fitnessPalUITests.swift */ = {isa = PBXFileReference; lastKnownFileType = sourcecode.swift; path = fitnessPalUITests.swift; sourceTree = "<group>"; };
		881524B829C2117C001382AB /* fitnessPalUITestsLaunchTests.swift */ = {isa = PBXFileReference; lastKnownFileType = sourcecode.swift; path = fitnessPalUITestsLaunchTests.swift; sourceTree = "<group>"; };
/* End PBXFileReference section */

/* Begin PBXFrameworksBuildPhase section */
		8815249529C21179001382AB /* Frameworks */ = {
			isa = PBXFrameworksBuildPhase;
			buildActionMask = 2147483647;
			files = (
			);
			runOnlyForDeploymentPostprocessing = 0;
		};
		881524A529C2117C001382AB /* Frameworks */ = {
			isa = PBXFrameworksBuildPhase;
			buildActionMask = 2147483647;
			files = (
			);
			runOnlyForDeploymentPostprocessing = 0;
		};
		881524AF29C2117C001382AB /* Frameworks */ = {
			isa = PBXFrameworksBuildPhase;
			buildActionMask = 2147483647;
			files = (
			);
			runOnlyForDeploymentPostprocessing = 0;
		};
/* End PBXFrameworksBuildPhase section */

/* Begin PBXGroup section */
		8815248F29C21179001382AB = {
			isa = PBXGroup;
			children = (
				8815249A29C21179001382AB /* fitnessPal */,
				881524AB29C2117C001382AB /* fitnessPalTests */,
				881524B529C2117C001382AB /* fitnessPalUITests */,
				8815249929C21179001382AB /* Products */,
			);
			sourceTree = "<group>";
		};
		8815249929C21179001382AB /* Products */ = {
			isa = PBXGroup;
			children = (
				8815249829C21179001382AB /* fitnessPal.app */,
				881524A829C2117C001382AB /* fitnessPalTests.xctest */,
				881524B229C2117C001382AB /* fitnessPalUITests.xctest */,
			);
			name = Products;
			sourceTree = "<group>";
		};
		8815249A29C21179001382AB /* fitnessPal */ = {
			isa = PBXGroup;
			children = (
				8815249B29C21179001382AB /* fitnessPalApp.swift */,
				8815249D29C21179001382AB /* ContentView.swift */,
				8815249F29C2117B001382AB /* Assets.xcassets */,
				881524A129C2117B001382AB /* Preview Content */,
			);
			path = fitnessPal;
			sourceTree = "<group>";
		};
		881524A129C2117B001382AB /* Preview Content */ = {
			isa = PBXGroup;
			children = (
				881524A229C2117B001382AB /* Preview Assets.xcassets */,
			);
			path = "Preview Content";
			sourceTree = "<group>";
		};
		881524AB29C2117C001382AB /* fitnessPalTests */ = {
			isa = PBXGroup;
			children = (
				881524AC29C2117C001382AB /* fitnessPalTests.swift */,
			);
			path = fitnessPalTests;
			sourceTree = "<group>";
		};
		881524B529C2117C001382AB /* fitnessPalUITests */ = {
			isa = PBXGroup;
			children = (
				881524B629C2117C001382AB /* fitnessPalUITests.swift */,
				881524B829C2117C001382AB /* fitnessPalUITestsLaunchTests.swift */,
			);
			path = fitnessPalUITests;
			sourceTree = "<group>";
		};
/* End PBXGroup section */

/* Begin PBXNativeTarget section */
		8815249729C21179001382AB /* fitnessPal */ = {
			isa = PBXNativeTarget;
			buildConfigurationList = 881524BC29C2117C001382AB /* Build configuration list for PBXNativeTarget "fitnessPal" */;
			buildPhases = (
				8815249429C21179001382AB /* Sources */,
				8815249529C21179001382AB /* Frameworks */,
				8815249629C21179001382AB /* Resources */,
			);
			buildRules = (
			);
			dependencies = (
			);
			name = fitnessPal;
			productName = fitnessPal;
			productReference = 8815249829C21179001382AB /* fitnessPal.app */;
			productType = "com.apple.product-type.application";
		};
		881524A729C2117C001382AB /* fitnessPalTests */ = {
			isa = PBXNativeTarget;
			buildConfigurationList = 881524BF29C2117C001382AB /* Build configuration list for PBXNativeTarget "fitnessPalTests" */;
			buildPhases = (
				881524A429C2117C001382AB /* Sources */,
				881524A529C2117C001382AB /* Frameworks */,
				881524A629C2117C001382AB /* Resources */,
			);
			buildRules = (
			);
			dependencies = (
				881524AA29C2117C001382AB /* PBXTargetDependency */,
			);
			name = fitnessPalTests;
			productName = fitnessPalTests;
			productReference = 881524A829C2117C001382AB /* fitnessPalTests.xctest */;
			productType = "com.apple.product-type.bundle.unit-test";
		};
		881524B129C2117C001382AB /* fitnessPalUITests */ = {
			isa = PBXNativeTarget;
			buildConfigurationList = 881524C229C2117C001382AB /* Build configuration list for PBXNativeTarget "fitnessPalUITests" */;
			buildPhases = (
				881524AE29C2117C001382AB /* Sources */,
				881524AF29C2117C001382AB /* Frameworks */,
				881524B029C2117C001382AB /* Resources */,
			);
			buildRules = (
			);
			dependencies = (
				881524B429C2117C001382AB /* PBXTargetDependency */,
			);
			name = fitnessPalUITests;
			productName = fitnessPalUITests;
			productReference = 881524B229C2117C001382AB /* fitnessPalUITests.xctest */;
			productType = "com.apple.product-type.bundle.ui-testing";
		};
/* End PBXNativeTarget section */

/* Begin PBXProject section */
		8815249029C21179001382AB /* Project object */ = {
			isa = PBXProject;
			attributes = {
				BuildIndependentTargetsInParallel = 1;
				LastSwiftUpdateCheck = 1330;
				LastUpgradeCheck = 1330;
				TargetAttributes = {
					8815249729C21179001382AB = {
						CreatedOnToolsVersion = 13.3.1;
					};
					881524A729C2117C001382AB = {
						CreatedOnToolsVersion = 13.3.1;
						TestTargetID = 8815249729C21179001382AB;
					};
					881524B129C2117C001382AB = {
						CreatedOnToolsVersion = 13.3.1;
						TestTargetID = 8815249729C21179001382AB;
					};
				};
			};
			buildConfigurationList = 8815249329C21179001382AB /* Build configuration list for PBXProject "fitnessPal" */;
			compatibilityVersion = "Xcode 13.0";
			developmentRegion = en;
			hasScannedForEncodings = 0;
			knownRegions = (
				en,
				Base,
			);
			mainGroup = 8815248F29C21179001382AB;
			productRefGroup = 8815249929C21179001382AB /* Products */;
			projectDirPath = "";
			projectRoot = "";
			targets = (
				8815249729C21179001382AB /* fitnessPal */,
				881524A729C2117C001382AB /* fitnessPalTests */,
				881524B129C2117C001382AB /* fitnessPalUITests */,
			);
		};
/* End PBXProject section */

/* Begin PBXResourcesBuildPhase section */
		8815249629C21179001382AB /* Resources */ = {
			isa = PBXResourcesBuildPhase;
			buildActionMask = 2147483647;
			files = (
				881524A329C2117B001382AB /* Preview Assets.xcassets in Resources */,
				881524A029C2117B001382AB /* Assets.xcassets in Resources */,
			);
			runOnlyForDeploymentPostprocessing = 0;
		};
		881524A629C2117C001382AB /* Resources */ = {
			isa = PBXResourcesBuildPhase;
			buildActionMask = 2147483647;
			files = (
			);
			runOnlyForDeploymentPostprocessing = 0;
		};
		881524B029C2117C001382AB /* Resources */ = {
			isa = PBXResourcesBuildPhase;
			buildActionMask = 2147483647;
			files = (
			);
			runOnlyForDeploymentPostprocessing = 0;
		};
/* End PBXResourcesBuildPhase section */

/* Begin PBXSourcesBuildPhase section */
		8815249429C21179001382AB /* Sources */ = {
			isa = PBXSourcesBuildPhase;
			buildActionMask = 2147483647;
			files = (
				8815249E29C21179001382AB /* ContentView.swift in Sources */,
				8815249C29C21179001382AB /* fitnessPalApp.swift in Sources */,
			);
			runOnlyForDeploymentPostprocessing = 0;
		};
		881524A429C2117C001382AB /* Sources */ = {
			isa = PBXSourcesBuildPhase;
			buildActionMask = 2147483647;
			files = (
				881524AD29C2117C001382AB /* fitnessPalTests.swift in Sources */,
			);
			runOnlyForDeploymentPostprocessing = 0;
		};
		881524AE29C2117C001382AB /* Sources */ = {
			isa = PBXSourcesBuildPhase;
			buildActionMask = 2147483647;
			files = (
				881524B729C2117C001382AB /* fitnessPalUITests.swift in Sources */,
				881524B929C2117C001382AB /* fitnessPalUITestsLaunchTests.swift in Sources */,
			);
			runOnlyForDeploymentPostprocessing = 0;
		};
/* End PBXSourcesBuildPhase section */

/* Begin PBXTargetDependency section */
		881524AA29C2117C001382AB /* PBXTargetDependency */ = {
			isa = PBXTargetDependency;
			target = 8815249729C21179001382AB /* fitnessPal */;
			targetProxy = 881524A929C2117C001382AB /* PBXContainerItemProxy */;
		};
		881524B429C2117C001382AB /* PBXTargetDependency */ = {
			isa = PBXTargetDependency;
			target = 8815249729C21179001382AB /* fitnessPal */;
			targetProxy = 881524B329C2117C001382AB /* PBXContainerItemProxy */;
		};
/* End PBXTargetDependency section */

/* Begin XCBuildConfiguration section */
		881524BA29C2117C001382AB /* Debug */ = {
			isa = XCBuildConfiguration;
			buildSettings = {
				ALWAYS_SEARCH_USER_PATHS = NO;
				CLANG_ANALYZER_NONNULL = YES;
				CLANG_ANALYZER_NUMBER_OBJECT_CONVERSION = YES_AGGRESSIVE;
				CLANG_CXX_LANGUAGE_STANDARD = "gnu++17";
				CLANG_ENABLE_MODULES = YES;
				CLANG_ENABLE_OBJC_ARC = YES;
				CLANG_ENABLE_OBJC_WEAK = YES;
				CLANG_WARN_BLOCK_CAPTURE_AUTORELEASING = YES;
				CLANG_WARN_BOOL_CONVERSION = YES;
				CLANG_WARN_COMMA = YES;
				CLANG_WARN_CONSTANT_CONVERSION = YES;
				CLANG_WARN_DEPRECATED_OBJC_IMPLEMENTATIONS = YES;
				CLANG_WARN_DIRECT_OBJC_ISA_USAGE = YES_ERROR;
				CLANG_WARN_DOCUMENTATION_COMMENTS = YES;
				CLANG_WARN_EMPTY_BODY = YES;
				CLANG_WARN_ENUM_CONVERSION = YES;
				CLANG_WARN_INFINITE_RECURSION = YES;
				CLANG_WARN_INT_CONVERSION = YES;
				CLANG_WARN_NON_LITERAL_NULL_CONVERSION = YES;
				CLANG_WARN_OBJC_IMPLICIT_RETAIN_SELF = YES;
				CLANG_WARN_OBJC_LITERAL_CONVERSION = YES;
				CLANG_WARN_OBJC_ROOT_CLASS = YES_ERROR;
				CLANG_WARN_QUOTED_INCLUDE_IN_FRAMEWORK_HEADER = YES;
				CLANG_WARN_RANGE_LOOP_ANALYSIS = YES;
				CLANG_WARN_STRICT_PROTOTYPES = YES;
				CLANG_WARN_SUSPICIOUS_MOVE = YES;
				CLANG_WARN_UNGUARDED_AVAILABILITY = YES_AGGRESSIVE;
				CLANG_WARN_UNREACHABLE_CODE = YES;
				CLANG_WARN__DUPLICATE_METHOD_MATCH = YES;
				COPY_PHASE_STRIP = NO;
				DEBUG_INFORMATION_FORMAT = dwarf;
				ENABLE_STRICT_OBJC_MSGSEND = YES;
				ENABLE_TESTABILITY = YES;
				GCC_C_LANGUAGE_STANDARD = gnu11;
				GCC_DYNAMIC_NO_PIC = NO;
				GCC_NO_COMMON_BLOCKS = YES;
				GCC_OPTIMIZATION_LEVEL = 0;
				GCC_PREPROCESSOR_DEFINITIONS = (
					"DEBUG=1",
					"$(inherited)",
				);
				GCC_WARN_64_TO_32_BIT_CONVERSION = YES;
				GCC_WARN_ABOUT_RETURN_TYPE = YES_ERROR;
				GCC_WARN_UNDECLARED_SELECTOR = YES;
				GCC_WARN_UNINITIALIZED_AUTOS = YES_AGGRESSIVE;
				GCC_WARN_UNUSED_FUNCTION = YES;
				GCC_WARN_UNUSED_VARIABLE = YES;
				IPHONEOS_DEPLOYMENT_TARGET = 15.4;
				MTL_ENABLE_DEBUG_INFO = INCLUDE_SOURCE;
				MTL_FAST_MATH = YES;
				ONLY_ACTIVE_ARCH = YES;
				SDKROOT = iphoneos;
				SWIFT_ACTIVE_COMPILATION_CONDITIONS = DEBUG;
				SWIFT_OPTIMIZATION_LEVEL = "-Onone";
			};
			name = Debug;
		};
		881524BB29C2117C001382AB /* Release */ = {
			isa = XCBuildConfiguration;
			buildSettings = {
				ALWAYS_SEARCH_USER_PATHS = NO;
				CLANG_ANALYZER_NONNULL = YES;
				CLANG_ANALYZER_NUMBER_OBJECT_CONVERSION = YES_AGGRESSIVE;
				CLANG_CXX_LANGUAGE_STANDARD = "gnu++17";
				CLANG_ENABLE_MODULES = YES;
				CLANG_ENABLE_OBJC_ARC = YES;
				CLANG_ENABLE_OBJC_WEAK = YES;
				CLANG_WARN_BLOCK_CAPTURE_AUTORELEASING = YES;
				CLANG_WARN_BOOL_CONVERSION = YES;
				CLANG_WARN_COMMA = YES;
				CLANG_WARN_CONSTANT_CONVERSION = YES;
				CLANG_WARN_DEPRECATED_OBJC_IMPLEMENTATIONS = YES;
				CLANG_WARN_DIRECT_OBJC_ISA_USAGE = YES_ERROR;
				CLANG_WARN_DOCUMENTATION_COMMENTS = YES;
				CLANG_WARN_EMPTY_BODY = YES;
				CLANG_WARN_ENUM_CONVERSION = YES;
				CLANG_WARN_INFINITE_RECURSION = YES;
				CLANG_WARN_INT_CONVERSION = YES;
				CLANG_WARN_NON_LITERAL_NULL_CONVERSION = YES;
				CLANG_WARN_OBJC_IMPLICIT_RETAIN_SELF = YES;
				CLANG_WARN_OBJC_LITERAL_CONVERSION = YES;
				CLANG_WARN_OBJC_ROOT_CLASS = YES_ERROR;
				CLANG_WARN_QUOTED_INCLUDE_IN_FRAMEWORK_HEADER = YES;
				CLANG_WARN_RANGE_LOOP_ANALYSIS = YES;
				CLANG_WARN_STRICT_PROTOTYPES = YES;
				CLANG_WARN_SUSPICIOUS_MOVE = YES;
				CLANG_WARN_UNGUARDED_AVAILABILITY = YES_AGGRESSIVE;
				CLANG_WARN_UNREACHABLE_CODE = YES;
				CLANG_WARN__DUPLICATE_METHOD_MATCH = YES;
				COPY_PHASE_STRIP = NO;
				DEBUG_INFORMATION_FORMAT = "dwarf-with-dsym";
				ENABLE_NS_ASSERTIONS = NO;
				ENABLE_STRICT_OBJC_MSGSEND = YES;
				GCC_C_LANGUAGE_STANDARD = gnu11;
				GCC_NO_COMMON_BLOCKS = YES;
				GCC_WARN_64_TO_32_BIT_CONVERSION = YES;
				GCC_WARN_ABOUT_RETURN_TYPE = YES_ERROR;
				GCC_WARN_UNDECLARED_SELECTOR = YES;
				GCC_WARN_UNINITIALIZED_AUTOS = YES_AGGRESSIVE;
				GCC_WARN_UNUSED_FUNCTION = YES;
				GCC_WARN_UNUSED_VARIABLE = YES;
				IPHONEOS_DEPLOYMENT_TARGET = 15.4;
				MTL_ENABLE_DEBUG_INFO = NO;
				MTL_FAST_MATH = YES;
				SDKROOT = iphoneos;
				SWIFT_COMPILATION_MODE = wholemodule;
				SWIFT_OPTIMIZATION_LEVEL = "-O";
				VALIDATE_PRODUCT = YES;
			};
			name = Release;
		};
		881524BD29C2117C001382AB /* Debug */ = {
			isa = XCBuildConfiguration;
			buildSettings = {
				ASSETCATALOG_COMPILER_APPICON_NAME = AppIcon;
				ASSETCATALOG_COMPILER_GLOBAL_ACCENT_COLOR_NAME = AccentColor;
				CODE_SIGN_STYLE = Automatic;
				CURRENT_PROJECT_VERSION = 1;
				DEVELOPMENT_ASSET_PATHS = "\"fitnessPal/Preview Content\"";
				ENABLE_PREVIEWS = YES;
				GENERATE_INFOPLIST_FILE = YES;
				INFOPLIST_KEY_UIApplicationSceneManifest_Generation = YES;
				INFOPLIST_KEY_UIApplicationSupportsIndirectInputEvents = YES;
				INFOPLIST_KEY_UILaunchScreen_Generation = YES;
				INFOPLIST_KEY_UISupportedInterfaceOrientations_iPad = "UIInterfaceOrientationPortrait UIInterfaceOrientationPortraitUpsideDown UIInterfaceOrientationLandscapeLeft UIInterfaceOrientationLandscapeRight";
				INFOPLIST_KEY_UISupportedInterfaceOrientations_iPhone = "UIInterfaceOrientationPortrait UIInterfaceOrientationLandscapeLeft UIInterfaceOrientationLandscapeRight";
				LD_RUNPATH_SEARCH_PATHS = (
					"$(inherited)",
					"@executable_path/Frameworks",
				);
				MARKETING_VERSION = 1.0;
				PRODUCT_BUNDLE_IDENTIFIER = com.raywenderlich.fitnessPal;
				PRODUCT_NAME = "$(TARGET_NAME)";
				SWIFT_EMIT_LOC_STRINGS = YES;
				SWIFT_VERSION = 5.0;
				TARGETED_DEVICE_FAMILY = "1,2";
			};
			name = Debug;
		};
		881524BE29C2117C001382AB /* Release */ = {
			isa = XCBuildConfiguration;
			buildSettings = {
				ASSETCATALOG_COMPILER_APPICON_NAME = AppIcon;
				ASSETCATALOG_COMPILER_GLOBAL_ACCENT_COLOR_NAME = AccentColor;
				CODE_SIGN_STYLE = Automatic;
				CURRENT_PROJECT_VERSION = 1;
				DEVELOPMENT_ASSET_PATHS = "\"fitnessPal/Preview Content\"";
				ENABLE_PREVIEWS = YES;
				GENERATE_INFOPLIST_FILE = YES;
				INFOPLIST_KEY_UIApplicationSceneManifest_Generation = YES;
				INFOPLIST_KEY_UIApplicationSupportsIndirectInputEvents = YES;
				INFOPLIST_KEY_UILaunchScreen_Generation = YES;
				INFOPLIST_KEY_UISupportedInterfaceOrientations_iPad = "UIInterfaceOrientationPortrait UIInterfaceOrientationPortraitUpsideDown UIInterfaceOrientationLandscapeLeft UIInterfaceOrientationLandscapeRight";
				INFOPLIST_KEY_UISupportedInterfaceOrientations_iPhone = "UIInterfaceOrientationPortrait UIInterfaceOrientationLandscapeLeft UIInterfaceOrientationLandscapeRight";
				LD_RUNPATH_SEARCH_PATHS = (
					"$(inherited)",
					"@executable_path/Frameworks",
				);
				MARKETING_VERSION = 1.0;
				PRODUCT_BUNDLE_IDENTIFIER = com.raywenderlich.fitnessPal;
				PRODUCT_NAME = "$(TARGET_NAME)";
				SWIFT_EMIT_LOC_STRINGS = YES;
				SWIFT_VERSION = 5.0;
				TARGETED_DEVICE_FAMILY = "1,2";
			};
			name = Release;
		};
		881524C029C2117C001382AB /* Debug */ = {
			isa = XCBuildConfiguration;
			buildSettings = {
				ALWAYS_EMBED_SWIFT_STANDARD_LIBRARIES = YES;
				BUNDLE_LOADER = "$(TEST_HOST)";
				CODE_SIGN_STYLE = Automatic;
				CURRENT_PROJECT_VERSION = 1;
				GENERATE_INFOPLIST_FILE = YES;
				IPHONEOS_DEPLOYMENT_TARGET = 15.4;
				MARKETING_VERSION = 1.0;
				PRODUCT_BUNDLE_IDENTIFIER = com.raywenderlich.fitnessPalTests;
				PRODUCT_NAME = "$(TARGET_NAME)";
				SWIFT_EMIT_LOC_STRINGS = NO;
				SWIFT_VERSION = 5.0;
				TARGETED_DEVICE_FAMILY = "1,2";
				TEST_HOST = "$(BUILT_PRODUCTS_DIR)/fitnessPal.app/fitnessPal";
			};
			name = Debug;
		};
		881524C129C2117C001382AB /* Release */ = {
			isa = XCBuildConfiguration;
			buildSettings = {
				ALWAYS_EMBED_SWIFT_STANDARD_LIBRARIES = YES;
				BUNDLE_LOADER = "$(TEST_HOST)";
				CODE_SIGN_STYLE = Automatic;
				CURRENT_PROJECT_VERSION = 1;
				GENERATE_INFOPLIST_FILE = YES;
				IPHONEOS_DEPLOYMENT_TARGET = 15.4;
				MARKETING_VERSION = 1.0;
				PRODUCT_BUNDLE_IDENTIFIER = com.raywenderlich.fitnessPalTests;
				PRODUCT_NAME = "$(TARGET_NAME)";
				SWIFT_EMIT_LOC_STRINGS = NO;
				SWIFT_VERSION = 5.0;
				TARGETED_DEVICE_FAMILY = "1,2";
				TEST_HOST = "$(BUILT_PRODUCTS_DIR)/fitnessPal.app/fitnessPal";
			};
			name = Release;
		};
		881524C329C2117C001382AB /* Debug */ = {
			isa = XCBuildConfiguration;
			buildSettings = {
				ALWAYS_EMBED_SWIFT_STANDARD_LIBRARIES = YES;
				CODE_SIGN_STYLE = Automatic;
				CURRENT_PROJECT_VERSION = 1;
				GENERATE_INFOPLIST_FILE = YES;
				MARKETING_VERSION = 1.0;
				PRODUCT_BUNDLE_IDENTIFIER = com.raywenderlich.fitnessPalUITests;
				PRODUCT_NAME = "$(TARGET_NAME)";
				SWIFT_EMIT_LOC_STRINGS = NO;
				SWIFT_VERSION = 5.0;
				TARGETED_DEVICE_FAMILY = "1,2";
				TEST_TARGET_NAME = fitnessPal;
			};
			name = Debug;
		};
		881524C429C2117C001382AB /* Release */ = {
			isa = XCBuildConfiguration;
			buildSettings = {
				ALWAYS_EMBED_SWIFT_STANDARD_LIBRARIES = YES;
				CODE_SIGN_STYLE = Automatic;
				CURRENT_PROJECT_VERSION = 1;
				GENERATE_INFOPLIST_FILE = YES;
				MARKETING_VERSION = 1.0;
				PRODUCT_BUNDLE_IDENTIFIER = com.raywenderlich.fitnessPalUITests;
				PRODUCT_NAME = "$(TARGET_NAME)";
				SWIFT_EMIT_LOC_STRINGS = NO;
				SWIFT_VERSION = 5.0;
				TARGETED_DEVICE_FAMILY = "1,2";
				TEST_TARGET_NAME = fitnessPal;
			};
			name = Release;
		};
/* End XCBuildConfiguration section */

/* Begin XCConfigurationList section */
		8815249329C21179001382AB /* Build configuration list for PBXProject "fitnessPal" */ = {
			isa = XCConfigurationList;
			buildConfigurations = (
				881524BA29C2117C001382AB /* Debug */,
				881524BB29C2117C001382AB /* Release */,
			);
			defaultConfigurationIsVisible = 0;
			defaultConfigurationName = Release;
		};
		881524BC29C2117C001382AB /* Build configuration list for PBXNativeTarget "fitnessPal" */ = {
			isa = XCConfigurationList;
			buildConfigurations = (
				881524BD29C2117C001382AB /* Debug */,
				881524BE29C2117C001382AB /* Release */,
			);
			defaultConfigurationIsVisible = 0;
			defaultConfigurationName = Release;
		};
		881524BF29C2117C001382AB /* Build configuration list for PBXNativeTarget "fitnessPalTests" */ = {
			isa = XCConfigurationList;
			buildConfigurations = (
				881524C029C2117C001382AB /* Debug */,
				881524C129C2117C001382AB /* Release */,
			);
			defaultConfigurationIsVisible = 0;
			defaultConfigurationName = Release;
		};
		881524C229C2117C001382AB /* Build configuration list for PBXNativeTarget "fitnessPalUITests" */ = {
			isa = XCConfigurationList;
			buildConfigurations = (
				881524C329C2117C001382AB /* Debug */,
				881524C429C2117C001382AB /* Release */,
			);
			defaultConfigurationIsVisible = 0;
			defaultConfigurationName = Release;
		};
/* End XCConfigurationList section */
	};
	rootObject = 8815249029C21179001382AB /* Project object */;
}
